#MicroXplorer Configuration settings - do not modify
ADC1.ClockPrescaler=ADC_CLOCK_ASYNC_DIV1
ADC1.CommonPathInternal=null|null|null|null
ADC1.ContinuousConvMode=DISABLE
ADC1.DMAContinuousRequests=DISABLE
ADC1.DataAlign=ADC_DATAALIGN_LEFT
ADC1.DiscontinuousConvMode=DISABLE
ADC1.EOCSelection=ADC_EOC_SINGLE_CONV
ADC1.EnableAnalogWatchDog1=false
ADC1.EnableAnalogWatchDog2=false
ADC1.EnableAnalogWatchDog3=false
ADC1.EnableInjectedConversion=ENABLE
ADC1.EnableRegularConversion=DISABLE
ADC1.ExternalTrigInjecConv=ADC_EXTERNALTRIGINJEC_T1_TRGO
ADC1.ExternalTrigInjecConvEdge=ADC_EXTERNALTRIGINJECCONV_EDGE_RISINGFALLING
ADC1.IPParameters=ClockPrescaler,DataAlign,Resolution,ContinuousConvMode,DiscontinuousConvMode,DMAContinuousRequests,EOCSelection,Overrun,LowPowerAutoWait,EnableAnalogWatchDog1,EnableAnalogWatchDog2,EnableAnalogWatchDog3,EnableInjectedConversion,InjectedConvMode,ExternalTrigInjecConv,ExternalTrigInjecConvEdge,InjNumberOfConversion,InjectedRank-1\#ChannelInjectedConversion,InjectedChannel-1\#ChannelInjectedConversion,InjectedSamplingTime-1\#ChannelInjectedConversion,InjectedOffsetNumber-1\#ChannelInjectedConversion,InjectedOffset-1\#ChannelInjectedConversion,InjectedRank-2\#ChannelInjectedConversion,InjectedChannel-2\#ChannelInjectedConversion,InjectedSamplingTime-2\#ChannelInjectedConversion,InjectedOffsetNumber-2\#ChannelInjectedConversion,InjectedOffset-2\#ChannelInjectedConversion,EnableRegularConversion,ScanConvMode,master,CommonPathInternal
ADC1.InjNumberOfConversion=2
ADC1.InjectedChannel-1\#ChannelInjectedConversion=ADC_CHANNEL_VOPAMP1
ADC1.InjectedChannel-2\#ChannelInjectedConversion=ADC_CHANNEL_VOPAMP1
ADC1.InjectedConvMode=None
ADC1.InjectedOffset-1\#ChannelInjectedConversion=0
ADC1.InjectedOffset-2\#ChannelInjectedConversion=0
ADC1.InjectedOffsetNumber-1\#ChannelInjectedConversion=ADC_OFFSET_NONE
ADC1.InjectedOffsetNumber-2\#ChannelInjectedConversion=ADC_OFFSET_NONE
ADC1.InjectedRank-1\#ChannelInjectedConversion=1
ADC1.InjectedRank-2\#ChannelInjectedConversion=2
ADC1.InjectedSamplingTime-1\#ChannelInjectedConversion=ADC_SAMPLETIME_6CYCLES_5
ADC1.InjectedSamplingTime-2\#ChannelInjectedConversion=ADC_SAMPLETIME_6CYCLES_5
ADC1.LowPowerAutoWait=DISABLE
ADC1.Overrun=ADC_OVR_DATA_PRESERVED
ADC1.Resolution=ADC_RESOLUTION_12B
ADC1.ScanConvMode=ADC_SCAN_ENABLE
ADC1.master=1
ADC2.Channel-1\#ChannelRegularConversion=ADC_CHANNEL_1
ADC2.ClockPrescaler=ADC_CLOCK_ASYNC_DIV1
ADC2.CommonPathInternal=null|null|null|null
ADC2.IPParameters=Rank-1\#ChannelRegularConversion,ClockPrescaler,Channel-1\#ChannelRegularConversion,SamplingTime-1\#ChannelRegularConversion,OffsetNumber-1\#ChannelRegularConversion,NbrOfConversionFlag,CommonPathInternal
ADC2.NbrOfConversionFlag=1
ADC2.OffsetNumber-1\#ChannelRegularConversion=ADC_OFFSET_NONE
ADC2.Rank-1\#ChannelRegularConversion=1
ADC2.SamplingTime-1\#ChannelRegularConversion=ADC_SAMPLETIME_2CYCLES_5
CAD.formats=
CAD.pinconfig=
CAD.provider=
Dma.Request0=TIM1_CH4
Dma.RequestsNb=1
Dma.TIM1_CH4.0.Direction=DMA_MEMORY_TO_PERIPH
Dma.TIM1_CH4.0.EventEnable=DISABLE
Dma.TIM1_CH4.0.Instance=DMA1_Channel1
Dma.TIM1_CH4.0.MemDataAlignment=DMA_MDATAALIGN_HALFWORD
Dma.TIM1_CH4.0.MemInc=DMA_MINC_ENABLE
Dma.TIM1_CH4.0.Mode=DMA_CIRCULAR
Dma.TIM1_CH4.0.PeriphDataAlignment=DMA_PDATAALIGN_HALFWORD
Dma.TIM1_CH4.0.PeriphInc=DMA_PINC_DISABLE
Dma.TIM1_CH4.0.Polarity=HAL_DMAMUX_REQ_GEN_RISING
Dma.TIM1_CH4.0.Priority=DMA_PRIORITY_HIGH
Dma.TIM1_CH4.0.RequestNumber=1
Dma.TIM1_CH4.0.RequestParameters=Instance,Direction,PeriphInc,MemInc,PeriphDataAlignment,MemDataAlignment,Mode,Priority,SignalID,Polarity,RequestNumber,SyncSignalID,SyncPolarity,SyncEnable,EventEnable,SyncRequestNumber
Dma.TIM1_CH4.0.SignalID=NONE
Dma.TIM1_CH4.0.SyncEnable=DISABLE
Dma.TIM1_CH4.0.SyncPolarity=HAL_DMAMUX_SYNC_NO_EVENT
Dma.TIM1_CH4.0.SyncRequestNumber=1
Dma.TIM1_CH4.0.SyncSignalID=NONE
ExtraMW=MotorControl
ExtraMW.MotorControl.Config=MotorControl
ExtraMW.MotorControl.Mode=MotorControl
ExtraMW.MotorControl.Root=MCSDK_v6.3.2-Full/MotorControl
ExtraMW.MotorControl.Template=templates
File.Version=6
GPIO.groupedBy=Group By Peripherals
I2C3.I2C_Speed_Mode=I2C_Fast_Plus
I2C3.IPParameters=I2C_Speed_Mode,Timing
I2C3.Timing=0x4052060F
KeepUserPlacement=false
Mcu.CPN=STM32G431VBT3
Mcu.Family=STM32G4
Mcu.IP0=ADC1
Mcu.IP1=ADC2
Mcu.IP10=TIM1
Mcu.IP11=TIM4
Mcu.IP12=USART2
Mcu.IP13=USART3
Mcu.IP2=CORDIC
Mcu.IP3=DMA
Mcu.IP4=I2C3
Mcu.IP5=MotorControl
Mcu.IP6=NVIC
Mcu.IP7=OPAMP1
Mcu.IP8=RCC
Mcu.IP9=SYS
Mcu.IPNb=14
Mcu.Name=STM32G431V(6-8-B)Tx
Mcu.Package=LQFP100
Mcu.Pin0=PC13
Mcu.Pin1=PC14-OSC32_IN
Mcu.Pin10=PA3
Mcu.Pin11=PA4
Mcu.Pin12=PA5
Mcu.Pin13=PA6
Mcu.Pin14=PA7
Mcu.Pin15=PC4
Mcu.Pin16=PC5
Mcu.Pin17=PB0
Mcu.Pin18=PE7
Mcu.Pin19=PE8
Mcu.Pin2=PC15-OSC32_OUT
Mcu.Pin20=PE9
Mcu.Pin21=PE10
Mcu.Pin22=PE11
Mcu.Pin23=PE12
Mcu.Pin24=PE13
Mcu.Pin25=PE14
Mcu.Pin26=PE15
Mcu.Pin27=PB10
Mcu.Pin28=PB11
Mcu.Pin29=PC8
Mcu.Pin3=PC0
Mcu.Pin30=PC9
Mcu.Pin31=PA8
Mcu.Pin32=PA9
Mcu.Pin33=PA10
Mcu.Pin34=PA11
Mcu.Pin35=PA12
Mcu.Pin36=PA13
Mcu.Pin37=PA14
Mcu.Pin38=PD2
Mcu.Pin39=PB6
Mcu.Pin4=PC1
Mcu.Pin40=PB7
Mcu.Pin41=PB8-BOOT0
Mcu.Pin42=VP_ADC1_OPAMP_INTERNAL1
Mcu.Pin43=VP_CORDIC_VS_CORDIC
Mcu.Pin44=VP_SYS_VS_Systick
Mcu.Pin45=VP_SYS_VS_DBSignals
Mcu.Pin46=VP_TIM1_VS_no_output4
Mcu.Pin47=VP_TIM1_VS_no_output5
Mcu.Pin48=VP_TIM1_VS_no_output6
Mcu.Pin49=VP_TIM4_VS_ClockSourceINT
Mcu.Pin5=PC2
Mcu.Pin50=VP_MotorControl_MC_ENABLED
Mcu.Pin6=PC3
Mcu.Pin7=PA0
Mcu.Pin8=PA1
Mcu.Pin9=PA2
Mcu.PinsNb=51
Mcu.ThirdPartyNb=0
Mcu.UserConstants=
Mcu.UserName=STM32G431VBTx
MotorControl.ADC_AHBPERIPH=RCC_AHBPeriph_ADC1
MotorControl.ADC_CLOCK_WB_DIV=1
MotorControl.ADC_PERIPH=ADC1
MotorControl.ADC_REFERENCE_VOLTAGE=3.3
MotorControl.BOARD=EVSPIN32G4
MotorControl.BUS_VOLTAGE_READING=false
MotorControl.CCMRAM_ENABLED=false
MotorControl.CLOCK_FREQUENCY=CPU_CLK_170_MHZ
MotorControl.CLOCK_SOURCE=INTERNAL
MotorControl.CPU_CLK_170_MHZ=true
MotorControl.CTLBOARD_NAME=EVSPIN32G4
MotorControl.CUBE_MX_VER=6.14.0
MotorControl.CURRENT_READING_TOPOLOGY=SINGLE_SHUNT
MotorControl.CURR_SAMPLING_TIME=6
MotorControl.DBG_MCU_LOAD_MEASURE=false
MotorControl.DEBUG_DAC_FUNCTIONALITY_EN=false
MotorControl.DRIVES_NUMBER_SELECTION=SINGLEDRIVE
MotorControl.DRIVE_NUMBER=1
MotorControl.DRIVE_TYPE=FOC
MotorControl.ENCODER_AVAILABLE=false
MotorControl.ENCODER_PPR=400
MotorControl.EXT_CLOCK_FREQUENCY=INT_RC_OSC
MotorControl.FEEDBACK_NET_FILTERING=false
MotorControl.FLASH_SIZE=128
MotorControl.H1_GPIO_PIN=LL_GPIO_PIN_6
MotorControl.H1_GPIO_PORT=GPIOB
MotorControl.H2_GPIO_PIN=LL_GPIO_PIN_7
MotorControl.H2_GPIO_PORT=GPIOB
MotorControl.H3_GPIO_PIN=LL_GPIO_PIN_8
MotorControl.H3_GPIO_PORT=GPIOB
MotorControl.HALL_ICx_FILTER=119
MotorControl.HALL_SENSORS=true
MotorControl.HALL_SENSORS_AVAILABLE=true
MotorControl.HALL_TIMER_SELECTION=HALL_TIM4
MotorControl.HIGH_SIDE_IDLE_STATE=false
MotorControl.HWV_CS=SingleShunt_RawCurrents_SingleEnded_InternalGain
MotorControl.HWV_PWM=PoweringHighAndLowSides
MotorControl.HW_COMPLEMENTED_LOW_SIDE=false
MotorControl.HW_DEAD_TIME_NS=1000
MotorControl.INT_RC_OSC=true
MotorControl.IPParameters=ADC_AHBPERIPH,ADC_CLOCK_WB_DIV,ADC_PERIPH,ADC_REFERENCE_VOLTAGE,BOARD,BUS_VOLTAGE_READING,CCMRAM_ENABLED,CLOCK_FREQUENCY,CLOCK_SOURCE,CPU_CLK_170_MHZ,CTLBOARD_NAME,CUBE_MX_VER,CURR_SAMPLING_TIME,CURRENT_READING_TOPOLOGY,DBG_MCU_LOAD_MEASURE,DEBUG_DAC_FUNCTIONALITY_EN,DRIVE_NUMBER,DRIVE_TYPE,DRIVES_NUMBER_SELECTION,ENCODER_AVAILABLE,ENCODER_PPR,EXT_CLOCK_FREQUENCY,FEEDBACK_NET_FILTERING,FLASH_SIZE,H1_GPIO_PIN,H1_GPIO_PORT,H2_GPIO_PIN,H2_GPIO_PORT,H3_GPIO_PIN,H3_GPIO_PORT,HALL_ICx_FILTER,HALL_SENSORS,HALL_SENSORS_AVAILABLE,HALL_TIMER_SELECTION,HIGH_SIDE_IDLE_STATE,HW_COMPLEMENTED_LOW_SIDE,HW_DEAD_TIME_NS,HWV_CS,HWV_PWM,INT_RC_OSC,IPs,LOW_MEMORY_FOOTPRINT_REG,LOW_SIDE_IDLE_STATE,LOW_SIDE_SIGNALS_ENABLING,M1_AMPLIFICATION_GAIN,M1_ANGC,M1_AUXILIARY_SPEED_SENSOR,M1_BOARD_MAX_CURRENT,M1_BUS_VOLTAGE_READING,M1_COMMUTATION_STEP_TIME_BUF_SIZE,M1_CONSTANT1_D,M1_CONSTANT1_Q,M1_CONSTANT2_QD,M1_CS_ADC_NUM,M1_CS_ADC_PHASE_SHARED,M1_CS_ADC_U,M1_CS_CHANNEL_U,M1_CS_OPAMP_DIRECT_LINK_TO_ADC,M1_CS_OPAMP_DYNAMIC_OUTPUT_SWITCH,M1_CS_OPAMP_NUM,M1_CS_OPAMP_PHASE_SHARED,M1_CS_OPAMP_U,M1_CS_OPAMP_VPSEL_U,M1_CURR_SAMPLING_TIME,M1_CURRENT_AMPLIFICATION_TOPO,M1_CURRENT_SENSING_TOPO,M1_DBG_OPEN_LOOP_ENABLE,M1_DC_CURRENT_RS_MEAS,M1_DEFAULT_CONTROL_MODE,M1_DEFAULT_FLUX_COMPONENT,M1_DEFAULT_TARGET_SPEED_RPM,M1_DEFAULT_TORQUE_COMPONENT,M1_DISCONTINUOUS_PWM,M1_DP_TOPOLOGY,M1_DRIVE_TYPE,M1_ENCODER_PPR,M1_FEED_FORWARD_CURRENT_REG_ENABLING,M1_FLUX_WEAKENING_ENABLING,M1_FW_KI_GAIN,M1_FW_KIDIV,M1_FW_KP_GAIN,M1_FW_KPDIV,M1_FW_VOLTAGE_REF,M1_HALL_AVERAGING_FIFO_DEPTH,M1_HALL_ICx_FILTER,M1_HALL_MTPA,M1_HALL_PHASE_SHIFT,M1_HALL_SENSORS_PLACEMENT,M1_HALL_TIMER_IRQ,M1_HALL_TIMER_SELECTION,M1_HIGH_SIDE_IDLE_STATE,M1_HW_DEAD_TIME_NS,M1_ICL_ENABLED,M1_ID_DEMAG,M1_INT_AMP_OPAMP1_PIN,M1_INT_AMP_OPAMPS,M1_IQMAX,M1_LDLQ_RATIO,M1_LOW_SIDE_IDLE_STATE,M1_LOW_SIDE_SIGNALS_ENABLING,M1_LS,M1_MAX_APPLICATION_SPEED,M1_MAX_MODULATION_INDEX,M1_MIN_APPLICATION_SPEED,M1_MOTOR_MAX_SPEED_RPM,M1_MOTOR_NAME,M1_MOTOR_RATED_FLUX,M1_MOTOR_VOLTAGE_CONSTANT,M1_MTPA_ENABLING,M1_NOMINAL_BUS_VOLTAGE_V,M1_NOMINAL_CURRENT,M1_OCP_TOPOLOGY,M1_OFST,M1_OVERMODULATION,M1_PID_FLUX_KD_DEFAULT,M1_PID_FLUX_KI_DEFAULT,M1_PID_FLUX_KP_DEFAULT,M1_PID_SPEED_KD_DEFAULT,M1_PID_SPEED_KI_DEFAULT,M1_PID_SPEED_KP_DEFAULT,M1_PID_TORQUE_KD_DEFAULT,M1_PID_TORQUE_KI_DEFAULT,M1_PID_TORQUE_KP_DEFAULT,M1_POLE_PAIR_NUM,M1_POSITION_CTRL_ENABLING,M1_POTENTIOMETER_ENABLE,M1_POWERBOARD_NAME,M1_PWM_CHARGE_BOOT_CAP_DUTY_CYCLES,M1_PWM_CHARGE_BOOT_CAP_MS,M1_PWM_DRIVER_PN,M1_PWM_FREQUENCY,M1_PWM_TIMER_BRK_IRQ,M1_PWM_TIMER_SELECTION,M1_PWM_TIMER_UP_IRQ,M1_REGULATION_EXECUTION_RATE,M1_RS,M1_RSHUNT,M1_SEGDIV,M1_SHARED_SIGNAL_ENABLE,M1_SP_KDDIV,M1_SP_KIDIV,M1_SP_KPDIV,M1_SPD_DIFFERENTIAL_TERM_ENABLING,M1_SPEED_LOOP_FREQUENCY_HZ,M1_SPEED_SENSOR,M1_SS_MEAS_ERRORS_BEFORE_FAULTS,M1_SW_DEADTIME_NS,M1_TEMPERATURE_READING,M1_TF_KDDIV,M1_TF_KIDIV,M1_TF_KPDIV,M1_TNOISE_NS,M1_TRISE_NS,M1_USE_INTERNAL_OPAMP,MAX_READABLE_CURRENT,MC_WORKBENCH_VERSION,MCP_EN,MCU,MCU_FAMILY,MCU_LINE,MCU_NAME,MCU_PACKAGE,MCU_TYPE,MCU_USERNAME,MOTOR_PROFILER,MOTOR_TYPE,OPAMP_INVERTINGINPUT_MODE,OPAMP_NONINVERTINGINPUT,OPAMP_NONINVERTINGINPUT_GPIO_PIN,OPAMP_NONINVERTINGINPUT_GPIO_PORT,OPAMP_PGAGAIN,OPAMP_SELECTION,OPAMP_TYPE_GAIN,PHASE_CURRENTS_ADC,PHASE_CURRENTS_CHANNEL,PHASE_CURRENTS_GPIO_PIN,PHASE_CURRENTS_GPIO_PORT,PHASE_U_PWM_CHANNEL,PHASE_UH_GPIO_PIN,PHASE_UH_GPIO_PORT,PHASE_UH_POLARITY,PHASE_UL_GPIO_PIN,PHASE_UL_GPIO_PORT,PHASE_UL_POLARITY,PHASE_V_PWM_CHANNEL,PHASE_VH_GPIO_PIN,PHASE_VH_GPIO_PORT,PHASE_VH_POLARITY,PHASE_VL_GPIO_PIN,PHASE_VL_GPIO_PORT,PHASE_VL_POLARITY,PHASE_W_PWM_CHANNEL,PHASE_WH_GPIO_PIN,PHASE_WH_GPIO_PORT,PHASE_WH_POLARITY,PHASE_WL_GPIO_PIN,PHASE_WL_GPIO_PORT,PHASE_WL_POLARITY,POTENTIOMETER_READING,PWM_FREQUENCY,PWM_TIMER_SELECTION,REGULATION_EXECUTION_RATE,RTOS,SINGLE_SHUNT,SINGLEDRIVE,SPD_DIFFERENTIAL_TERM_ENABLING,SPEED_SENSOR_SELECTION,START_STOP_BTN,START_STOP_GPIO_PIN,START_STOP_GPIO_PORT,START_STOP_POLARITY,START_STOP_POLARITY_EDGE,STSPIN32G4,SW_DEADTIME_NS,TEMPERATURE_READING,TFDIFFERENTIAL_TERM_ENABLING,TRISE_NS,USE_3OPAMPS,USE_INTERNAL_OPAMP,WB_to_Mx_template_version,WB_to_Mx_version,WB_UI_CUTOFF_FREQUENCY,WB_UI_ENCODER_HAS_INDEX_PIN,WB_UI_FLUX_TARGET,WB_UI_FRICTION,WB_UI_GAIN,WB_UI_GAINLIST,WB_UI_GON,WB_UI_GOP,WB_UI_INERTIA,WB_UI_MAGNETIC_STRUCTURE,WB_UI_MAX_CURRENT,WB_UI_MAX_NOMINAL_DC_VOLTAGE,WB_UI_MAX_PWMFREQUENCY,WB_UI_MOTOR_DESCRIPTION,WB_UI_PW_BOARD_MAX_RATED_CURRENT,WB_UI_PW_BOARD_MAX_VOLTAGE,WB_UI_PW_BOARD_MIN_VOLTAGE,WB_UI_VPOL,WB_UI_VPOL_K
MotorControl.IPs=I2C3,CORDIC,SYS,NVIC,RCC,MotorControl,OPAMP1,ADC1,TIM1,TIM4,DMA
MotorControl.LOW_MEMORY_FOOTPRINT_REG=false
MotorControl.LOW_SIDE_IDLE_STATE=false
MotorControl.LOW_SIDE_SIGNALS_ENABLING=LS_PWM_TIMER
MotorControl.M1_AMPLIFICATION_GAIN=7.04
MotorControl.M1_ANGC={0,0,0,0,0,0,0,0}
MotorControl.M1_AUXILIARY_SPEED_SENSOR=NONE
MotorControl.M1_BOARD_MAX_CURRENT=1.5
MotorControl.M1_BUS_VOLTAGE_READING=false
MotorControl.M1_COMMUTATION_STEP_TIME_BUF_SIZE=12
MotorControl.M1_CONSTANT1_D=701888
MotorControl.M1_CONSTANT1_Q=701888
MotorControl.M1_CONSTANT2_QD=24322
MotorControl.M1_CS_ADC_NUM=1
MotorControl.M1_CS_ADC_PHASE_SHARED=NONE
MotorControl.M1_CS_ADC_U=ADC1
MotorControl.M1_CS_CHANNEL_U=VPOPAMP1
MotorControl.M1_CS_OPAMP_DIRECT_LINK_TO_ADC=ADC1
MotorControl.M1_CS_OPAMP_DYNAMIC_OUTPUT_SWITCH=false
MotorControl.M1_CS_OPAMP_NUM=1
MotorControl.M1_CS_OPAMP_PHASE_SHARED=NONE
MotorControl.M1_CS_OPAMP_U=OPAMP1
MotorControl.M1_CS_OPAMP_VPSEL_U=PA7
MotorControl.M1_CURRENT_AMPLIFICATION_TOPO=INT_SINGLE_ENDED
MotorControl.M1_CURRENT_SENSING_TOPO=SINGLE_SHUNT_PHASE_SHIFT
MotorControl.M1_CURR_SAMPLING_TIME=6
MotorControl.M1_DBG_OPEN_LOOP_ENABLE=false
MotorControl.M1_DC_CURRENT_RS_MEAS=1.5
MotorControl.M1_DEFAULT_CONTROL_MODE=STC_SPEED_MODE
MotorControl.M1_DEFAULT_FLUX_COMPONENT=0
MotorControl.M1_DEFAULT_TARGET_SPEED_RPM=4000
MotorControl.M1_DEFAULT_TORQUE_COMPONENT=0
MotorControl.M1_DISCONTINUOUS_PWM=false
MotorControl.M1_DP_TOPOLOGY=NONE
MotorControl.M1_DRIVE_TYPE=FOC
MotorControl.M1_ENCODER_PPR=400
MotorControl.M1_FEED_FORWARD_CURRENT_REG_ENABLING=false
MotorControl.M1_FLUX_WEAKENING_ENABLING=false
MotorControl.M1_FW_KIDIV=32768
MotorControl.M1_FW_KI_GAIN=5000
MotorControl.M1_FW_KPDIV=32768
MotorControl.M1_FW_KP_GAIN=3000
MotorControl.M1_FW_VOLTAGE_REF=985
MotorControl.M1_HALL_AVERAGING_FIFO_DEPTH=16
MotorControl.M1_HALL_ICx_FILTER=119
MotorControl.M1_HALL_MTPA=false
MotorControl.M1_HALL_PHASE_SHIFT=300
MotorControl.M1_HALL_SENSORS_PLACEMENT=DEGREES_120
MotorControl.M1_HALL_TIMER_IRQ=TIM4
MotorControl.M1_HALL_TIMER_SELECTION=HALL_TIM4
MotorControl.M1_HIGH_SIDE_IDLE_STATE=false
MotorControl.M1_HW_DEAD_TIME_NS=1000
MotorControl.M1_ICL_ENABLED=false
MotorControl.M1_ID_DEMAG=-1.5
MotorControl.M1_INT_AMP_OPAMP1_PIN=[{'mode'\:'Standalone','name'\:'PA7','signal'\:'OPAMP1_VINP','label'\:'SHUNT_P_P'}]
MotorControl.M1_INT_AMP_OPAMPS=['OPAMP1']
MotorControl.M1_IQMAX=1.5
MotorControl.M1_LDLQ_RATIO=1.000
MotorControl.M1_LOW_SIDE_IDLE_STATE=false
MotorControl.M1_LOW_SIDE_SIGNALS_ENABLING=LS_PWM_TIMER
MotorControl.M1_LS=0.0006
MotorControl.M1_MAX_APPLICATION_SPEED=4000
MotorControl.M1_MAX_MODULATION_INDEX=100
MotorControl.M1_MIN_APPLICATION_SPEED=0
MotorControl.M1_MOTOR_MAX_SPEED_RPM=4000
MotorControl.M1_MOTOR_NAME=Shinano LA052-080E3NL1
MotorControl.M1_MOTOR_RATED_FLUX=0.048989795
MotorControl.M1_MOTOR_VOLTAGE_CONSTANT=4.0
MotorControl.M1_MTPA_ENABLING=false
MotorControl.M1_NOMINAL_BUS_VOLTAGE_V=24
MotorControl.M1_NOMINAL_CURRENT=1.5
MotorControl.M1_OCP_TOPOLOGY=NONE
MotorControl.M1_OFST={0,0,0,0,0,0,0,0}
MotorControl.M1_OVERMODULATION=false
MotorControl.M1_PID_FLUX_KD_DEFAULT=100
MotorControl.M1_PID_FLUX_KI_DEFAULT=3360
MotorControl.M1_PID_FLUX_KP_DEFAULT=3600
MotorControl.M1_PID_SPEED_KD_DEFAULT=0
MotorControl.M1_PID_SPEED_KI_DEFAULT=362
MotorControl.M1_PID_SPEED_KP_DEFAULT=2019
MotorControl.M1_PID_TORQUE_KD_DEFAULT=100
MotorControl.M1_PID_TORQUE_KI_DEFAULT=3360
MotorControl.M1_PID_TORQUE_KP_DEFAULT=3600
MotorControl.M1_POLE_PAIR_NUM=4
MotorControl.M1_POSITION_CTRL_ENABLING=false
MotorControl.M1_POTENTIOMETER_ENABLE=false
MotorControl.M1_POWERBOARD_NAME=EVSPIN32G4
MotorControl.M1_PWM_CHARGE_BOOT_CAP_DUTY_CYCLES=0.000
MotorControl.M1_PWM_CHARGE_BOOT_CAP_MS=10
MotorControl.M1_PWM_DRIVER_PN=STSPIN32G4
MotorControl.M1_PWM_FREQUENCY=20000
MotorControl.M1_PWM_TIMER_BRK_IRQ=TIM1_BRK_TIM15
MotorControl.M1_PWM_TIMER_SELECTION=PWM_TIM1
MotorControl.M1_PWM_TIMER_UP_IRQ=TIM1_UP_TIM16
MotorControl.M1_REGULATION_EXECUTION_RATE=1
MotorControl.M1_RS=0.35
MotorControl.M1_RSHUNT=0.005
MotorControl.M1_SEGDIV=0
MotorControl.M1_SHARED_SIGNAL_ENABLE=false
MotorControl.M1_SPD_DIFFERENTIAL_TERM_ENABLING=false
MotorControl.M1_SPEED_LOOP_FREQUENCY_HZ=1000
MotorControl.M1_SPEED_SENSOR=HALL_SENSOR
MotorControl.M1_SP_KDDIV=16
MotorControl.M1_SP_KIDIV=16384
MotorControl.M1_SP_KPDIV=256
MotorControl.M1_SS_MEAS_ERRORS_BEFORE_FAULTS=3
MotorControl.M1_SW_DEADTIME_NS=750
MotorControl.M1_TEMPERATURE_READING=false
MotorControl.M1_TF_KDDIV=8192
MotorControl.M1_TF_KIDIV=8192
MotorControl.M1_TF_KPDIV=256
MotorControl.M1_TNOISE_NS=1200
MotorControl.M1_TRISE_NS=61
MotorControl.M1_USE_INTERNAL_OPAMP=true
MotorControl.MAX_READABLE_CURRENT=46.875
MotorControl.MCP_EN=false
MotorControl.MCU=STSPIN32G4
MotorControl.MCU_FAMILY=STM32G4
MotorControl.MCU_LINE=STM32G4x1
MotorControl.MCU_NAME=STM32G431V(6-8-B)Tx
MotorControl.MCU_PACKAGE=LQFP100
MotorControl.MCU_TYPE=STSPIN32G4
MotorControl.MCU_USERNAME=STM32G431VBTx
MotorControl.MC_WORKBENCH_VERSION=6.3.2
MotorControl.MOTOR_PROFILER=false
MotorControl.MOTOR_TYPE=PMSM
MotorControl.OPAMP_INVERTINGINPUT_MODE=INT_MODE
MotorControl.OPAMP_NONINVERTINGINPUT=OPAMP1_NonInvertingInput_PA7
MotorControl.OPAMP_NONINVERTINGINPUT_GPIO_PIN=LL_GPIO_PIN_7
MotorControl.OPAMP_NONINVERTINGINPUT_GPIO_PORT=GPIOA
MotorControl.OPAMP_PGAGAIN=OPAMP_OPAMP_PGAGain_8
MotorControl.OPAMP_SELECTION=OPAMP1
MotorControl.OPAMP_TYPE_GAIN=INTERNAL
MotorControl.PHASE_CURRENTS_ADC=ADC1
MotorControl.PHASE_CURRENTS_CHANNEL=ADC_Channel_VOPAMP1
MotorControl.PHASE_CURRENTS_GPIO_PIN=VIRTUAL_PIN
MotorControl.PHASE_CURRENTS_GPIO_PORT=VIRTUAL_PORT
MotorControl.PHASE_UH_GPIO_PIN=LL_GPIO_PIN_9
MotorControl.PHASE_UH_GPIO_PORT=GPIOE
MotorControl.PHASE_UH_POLARITY=H_ACTIVE_HIGH
MotorControl.PHASE_UL_GPIO_PIN=LL_GPIO_PIN_8
MotorControl.PHASE_UL_GPIO_PORT=GPIOE
MotorControl.PHASE_UL_POLARITY=L_ACTIVE_HIGH
MotorControl.PHASE_U_PWM_CHANNEL=TIM_Channel_1
MotorControl.PHASE_VH_GPIO_PIN=LL_GPIO_PIN_11
MotorControl.PHASE_VH_GPIO_PORT=GPIOE
MotorControl.PHASE_VH_POLARITY=H_ACTIVE_HIGH
MotorControl.PHASE_VL_GPIO_PIN=LL_GPIO_PIN_10
MotorControl.PHASE_VL_GPIO_PORT=GPIOE
MotorControl.PHASE_VL_POLARITY=L_ACTIVE_HIGH
MotorControl.PHASE_V_PWM_CHANNEL=TIM_Channel_2
MotorControl.PHASE_WH_GPIO_PIN=LL_GPIO_PIN_13
MotorControl.PHASE_WH_GPIO_PORT=GPIOE
MotorControl.PHASE_WH_POLARITY=H_ACTIVE_HIGH
MotorControl.PHASE_WL_GPIO_PIN=LL_GPIO_PIN_12
MotorControl.PHASE_WL_GPIO_PORT=GPIOE
MotorControl.PHASE_WL_POLARITY=L_ACTIVE_HIGH
MotorControl.PHASE_W_PWM_CHANNEL=TIM_Channel_3
MotorControl.POTENTIOMETER_READING=false
MotorControl.PWM_FREQUENCY=20000
MotorControl.PWM_TIMER_SELECTION=PWM_TIM1
MotorControl.REGULATION_EXECUTION_RATE=1
MotorControl.RTOS=NONE
MotorControl.SINGLEDRIVE=true
MotorControl.SINGLE_SHUNT=true
MotorControl.SPD_DIFFERENTIAL_TERM_ENABLING=false
MotorControl.SPEED_SENSOR_SELECTION=HALL_SENSORS
MotorControl.START_STOP_BTN=true
MotorControl.START_STOP_GPIO_PIN=LL_GPIO_PIN_10
MotorControl.START_STOP_GPIO_PORT=GPIOB
MotorControl.START_STOP_POLARITY=DIN_ACTIVE_HIGH
MotorControl.START_STOP_POLARITY_EDGE=GPIO_NOPULL
MotorControl.STSPIN32G4=true
MotorControl.SW_DEADTIME_NS=750
MotorControl.TEMPERATURE_READING=false
MotorControl.TFDIFFERENTIAL_TERM_ENABLING=false
MotorControl.TRISE_NS=61
MotorControl.USE_3OPAMPS=false
MotorControl.USE_INTERNAL_OPAMP=true
MotorControl.WB_UI_CUTOFF_FREQUENCY=6000
MotorControl.WB_UI_ENCODER_HAS_INDEX_PIN=false
MotorControl.WB_UI_FLUX_TARGET=0
MotorControl.WB_UI_FRICTION=14
MotorControl.WB_UI_GAIN=7.04
MotorControl.WB_UI_GAINLIST=[{'factor'\:2,'gain'\:1.76,'pol'\:0.396,'maxVRef'\:3.3},{'factor'\:4,'gain'\:3.52,'pol'\:0.792,'maxVRef'\:3.3},{'factor'\:8,'gain'\:7.04,'pol'\:1.584,'maxVRef'\:3.3},{'factor'\:16,'gain'\:14.08,'pol'\:3.168,'maxVRef'\:3.3},{'factor'\:32,'gain'\:28.16,'pol'\:6.336,'maxVRef'\:3.3},{'factor'\:64,'gain'\:56.32,'pol'\:12.672,'maxVRef'\:3.3}]
MotorControl.WB_UI_GON=0.88
MotorControl.WB_UI_GOP=8
MotorControl.WB_UI_INERTIA=5
MotorControl.WB_UI_MAGNETIC_STRUCTURE=SM-PMSM
MotorControl.WB_UI_MAX_CURRENT=1.5
MotorControl.WB_UI_MAX_NOMINAL_DC_VOLTAGE=24
MotorControl.WB_UI_MAX_PWMFREQUENCY=100000
MotorControl.WB_UI_MOTOR_DESCRIPTION=Inner rotor type - 2 poles pairs - brushless DC motor with encoder
MotorControl.WB_UI_PW_BOARD_MAX_RATED_CURRENT=20
MotorControl.WB_UI_PW_BOARD_MAX_VOLTAGE=75
MotorControl.WB_UI_PW_BOARD_MIN_VOLTAGE=10
MotorControl.WB_UI_VPOL=1.5840633625
MotorControl.WB_UI_VPOL_K=0.1980079203
MotorControl.WB_to_Mx_template_version=24-04-17
MotorControl.WB_to_Mx_version=6.2.3
MxCube.Version=6.14.0
MxDb.Version=DB.6.0.140
NVIC.ADC1_2_IRQn=true\:2\:0\:true\:true\:false\:2\:true\:true\:true
NVIC.BusFault_IRQn=true\:0\:0\:false\:false\:false\:true\:false\:false
NVIC.DMA1_Channel1_IRQn=true\:0\:0\:true\:true\:false\:1\:true\:true\:true
NVIC.DebugMonitor_IRQn=true\:0\:0\:false\:false\:false\:true\:false\:false
NVIC.EXTI2_IRQn=true\:3\:0\:true\:false\:true\:true\:true\:true
NVIC.ForceEnableDMAVector=true
NVIC.HardFault_IRQn=true\:0\:0\:false\:false\:false\:true\:false\:false
NVIC.MemoryManagement_IRQn=true\:0\:0\:false\:false\:false\:true\:false\:false
NVIC.NonMaskableInt_IRQn=true\:0\:0\:false\:false\:false\:true\:false\:false
NVIC.PendSV_IRQn=true\:0\:0\:false\:false\:false\:true\:false\:false
NVIC.PriorityGroup=NVIC_PRIORITYGROUP_3
NVIC.SVCall_IRQn=true\:0\:0\:false\:false\:false\:true\:false\:false
NVIC.SysTick_IRQn=true\:4\:0\:true\:false\:false\:true\:true\:false
NVIC.TIM1_BRK_TIM15_IRQn=true\:4\:1\:true\:true\:false\:3\:true\:true\:true
NVIC.TIM1_UP_TIM16_IRQn=true\:0\:0\:false\:true\:false\:4\:true\:true\:true
NVIC.TIM4_IRQn=true\:3\:0\:false\:true\:false\:5\:true\:true\:true
NVIC.UsageFault_IRQn=true\:0\:0\:false\:false\:false\:true\:false\:false
OPAMP1.IPParameters=PgaGain,SelfCalibration
OPAMP1.PgaGain=OPAMP_PGA_GAIN_8_OR_MINUS_7
OPAMP1.SelfCalibration=Disable
PA0.Locked=true
PA0.Mode=IN1-Single-Ended
PA0.Signal=ADC2_IN1
PA1.GPIOParameters=GPIO_Label
PA1.GPIO_Label=TXEN_485
PA1.Locked=true
PA1.Signal=GPIO_Output
PA10.GPIOParameters=GPIO_Label
PA10.GPIO_Label=ADS_PDWN
PA10.Locked=true
PA10.Signal=GPIO_Output
PA11.GPIOParameters=GPIO_Label
PA11.GPIO_Label=ADS_GAIN0
PA11.Locked=true
PA11.Signal=GPIO_Output
PA12.GPIOParameters=GPIO_Label
PA12.GPIO_Label=ADS_GAIN1
PA12.Locked=true
PA12.Signal=GPIO_Output
PA13.GPIOParameters=GPIO_Label
PA13.GPIO_Label=TMS
PA13.Locked=true
PA13.Mode=Serial_Wire
PA13.Signal=SYS_JTMS-SWDIO
PA14.GPIOParameters=GPIO_Label
PA14.GPIO_Label=TCK
PA14.Locked=true
PA14.Mode=Serial_Wire
PA14.Signal=SYS_JTCK-SWCLK
PA2.Locked=true
PA2.Mode=Asynchronous
PA2.Signal=USART2_TX
PA3.Locked=true
PA3.Mode=Asynchronous
PA3.Signal=USART2_RX
PA4.GPIOParameters=GPIO_Label
PA4.GPIO_Label=ADC_SEL0
PA4.Locked=true
PA4.Signal=GPIO_Output
PA5.GPIOParameters=GPIO_Label
PA5.GPIO_Label=ADC_SEL1
PA5.Locked=true
PA5.Signal=GPIO_Output
PA6.GPIOParameters=GPIO_Label
PA6.GPIO_Label=ADC_SEL2
PA6.Locked=true
PA6.Signal=GPIO_Output
PA7.GPIOParameters=GPIO_Label
PA7.GPIO_Label=M1_CURR_SHUNT
PA7.Locked=true
PA7.Mode=PGA_Internally_Connected
PA7.Signal=OPAMP1_VINP
PA8.GPIOParameters=GPIO_Label
PA8.GPIO_Label=ADS_DOUT
PA8.Locked=true
PA8.Signal=GPIO_Input
PA9.GPIOParameters=GPIO_Label
PA9.GPIO_Label=ADS_CLK
PA9.Locked=true
PA9.Signal=GPIO_Output
PB0.GPIOParameters=GPIO_Label
PB0.GPIO_Label=HALL_0
PB0.Locked=true
PB0.Signal=GPIO_Input
PB10.Locked=true
PB10.Mode=Asynchronous
PB10.Signal=USART3_TX
PB11.Mode=Asynchronous
PB11.Signal=USART3_RX
PB6.GPIOParameters=GPIO_Speed,GPIO_Label
PB6.GPIO_Label=M1_HALL_H1
PB6.GPIO_Speed=GPIO_SPEED_FREQ_HIGH
PB6.Locked=true
PB6.Signal=S_TIM4_CH1
PB7.GPIOParameters=GPIO_Speed,GPIO_Label
PB7.GPIO_Label=M1_HALL_H2
PB7.GPIO_Speed=GPIO_SPEED_FREQ_HIGH
PB7.Locked=true
PB7.Signal=S_TIM4_CH2
PB8-BOOT0.GPIOParameters=GPIO_Speed,GPIO_Label
PB8-BOOT0.GPIO_Label=M1_HALL_H3
PB8-BOOT0.GPIO_Speed=GPIO_SPEED_FREQ_HIGH
PB8-BOOT0.Locked=true
PB8-BOOT0.Signal=S_TIM4_CH3
PC0.GPIOParameters=GPIO_Label
PC0.GPIO_Label=DIP0
PC0.Locked=true
PC0.Signal=GPIO_Output
PC1.GPIOParameters=GPIO_Label
PC1.GPIO_Label=DIP1
PC1.Locked=true
PC1.Signal=GPIO_Output
PC13.GPIOParameters=GPIO_Label
PC13.GPIO_Label=LED_B
PC13.Locked=true
PC13.Signal=GPIO_Output
PC14-OSC32_IN.GPIOParameters=GPIO_Label
PC14-OSC32_IN.GPIO_Label=LED_R
PC14-OSC32_IN.Locked=true
PC14-OSC32_IN.Signal=GPIO_Output
PC15-OSC32_OUT.GPIOParameters=GPIO_Label
PC15-OSC32_OUT.GPIO_Label=LED_G
PC15-OSC32_OUT.Locked=true
PC15-OSC32_OUT.Signal=GPIO_Output
PC2.GPIOParameters=GPIO_Label
PC2.GPIO_Label=DIP2
PC2.Locked=true
PC2.Signal=GPIO_Output
PC3.GPIOParameters=GPIO_Label
PC3.GPIO_Label=DIP3
PC3.Locked=true
PC3.Signal=GPIO_Output
PC4.GPIOParameters=GPIO_Label
PC4.GPIO_Label=ADC_SEL3
PC4.Locked=true
PC4.Signal=GPIO_Output
PC5.GPIOParameters=GPIO_Label
PC5.GPIO_Label=ADC_nEN
PC5.Locked=true
PC5.Signal=GPIO_Output
PC8.GPIOParameters=GPIO_Label
PC8.GPIO_Label=GD_SCL
PC8.Locked=true
PC8.Mode=I2C
PC8.Signal=I2C3_SCL
PC9.GPIOParameters=GPIO_Label
PC9.GPIO_Label=GD_SDA
PC9.Locked=true
PC9.Mode=I2C
PC9.Signal=I2C3_SDA
PD2.GPIOParameters=GPIO_Label
PD2.GPIO_Label=Start/Stop [PushButton]
PD2.Locked=true
PD2.Signal=GPXTI2
PE10.GPIOParameters=GPIO_Speed,GPIO_PuPd,GPIO_Label
PE10.GPIO_Label=M1_PWM_VL
PE10.GPIO_PuPd=GPIO_PULLDOWN
PE10.GPIO_Speed=GPIO_SPEED_FREQ_HIGH
PE10.Locked=true
PE10.Mode=PWM Generation2 CH2 CH2N
PE10.Signal=TIM1_CH2N
PE11.GPIOParameters=GPIO_Speed,GPIO_PuPd,GPIO_Label
PE11.GPIO_Label=M1_PWM_VH
PE11.GPIO_PuPd=GPIO_PULLDOWN
PE11.GPIO_Speed=GPIO_SPEED_FREQ_HIGH
PE11.Locked=true
PE11.Signal=S_TIM1_CH2
PE12.GPIOParameters=GPIO_Speed,GPIO_PuPd,GPIO_Label
PE12.GPIO_Label=M1_PWM_WL
PE12.GPIO_PuPd=GPIO_PULLDOWN
PE12.GPIO_Speed=GPIO_SPEED_FREQ_HIGH
PE12.Locked=true
PE12.Mode=PWM Generation3 CH3 CH3N
PE12.Signal=TIM1_CH3N
PE13.GPIOParameters=GPIO_Speed,GPIO_PuPd,GPIO_Label
PE13.GPIO_Label=M1_PWM_WH
PE13.GPIO_PuPd=GPIO_PULLDOWN
PE13.GPIO_Speed=GPIO_SPEED_FREQ_HIGH
PE13.Locked=true
PE13.Signal=S_TIM1_CH3
PE14.GPIOParameters=GPIO_PuPd,GPIO_Label
PE14.GPIO_Label=GD_READY
PE14.GPIO_PuPd=GPIO_PULLUP
PE14.Locked=true
PE14.Signal=GPIO_Input
PE15.GPIOParameters=GPIO_PuPd,GPIO_Label
PE15.GPIO_Label=GD_NFAULT
PE15.GPIO_PuPd=GPIO_PULLUP
PE15.Locked=true
PE15.Signal=GPIO_Input
PE7.GPIOParameters=PinState,GPIO_Label
PE7.GPIO_Label=GD_WAKE
PE7.Locked=true
PE7.PinState=GPIO_PIN_SET
PE7.Signal=GPIO_Output
PE8.GPIOParameters=GPIO_Speed,GPIO_PuPd,GPIO_Label
PE8.GPIO_Label=M1_PWM_UL
PE8.GPIO_PuPd=GPIO_PULLDOWN
PE8.GPIO_Speed=GPIO_SPEED_FREQ_HIGH
PE8.Locked=true
PE8.Mode=PWM Generation1 CH1 CH1N
PE8.Signal=TIM1_CH1N
PE9.GPIOParameters=GPIO_Speed,GPIO_PuPd,GPIO_Label
PE9.GPIO_Label=M1_PWM_UH
PE9.GPIO_PuPd=GPIO_PULLDOWN
PE9.GPIO_Speed=GPIO_SPEED_FREQ_HIGH
PE9.Locked=true
PE9.Signal=S_TIM1_CH1
PinOutPanel.RotationAngle=0
ProjectManager.AskForMigrate=true
ProjectManager.BackupPrevious=false
ProjectManager.CompilerLinker=GCC
ProjectManager.CompilerOptimize=5
ProjectManager.ComputerToolchain=false
ProjectManager.CoupleFile=false
ProjectManager.CustomerFirmwarePackage=
ProjectManager.DefaultFWLocation=true
ProjectManager.DeletePrevious=true
ProjectManager.DeviceId=STM32G431VBTx
ProjectManager.FirmwarePackage=STM32Cube FW_G4 V1.6.0
ProjectManager.FreePins=false
ProjectManager.HalAssertFull=false
ProjectManager.HeapSize=0x200
ProjectManager.KeepUserCode=true
ProjectManager.LastFirmware=false
ProjectManager.LibraryCopy=0
ProjectManager.MainLocation=Src
ProjectManager.NoMain=false
ProjectManager.PreviousToolchain=
ProjectManager.ProjectBuild=false
ProjectManager.ProjectFileName=SmartCareBed-G4.ioc
ProjectManager.ProjectName=SmartCareBed-G4
ProjectManager.ProjectStructure=
ProjectManager.RegisterCallBack=
ProjectManager.StackSize=0x400
ProjectManager.TargetToolchain=STM32CubeIDE
ProjectManager.ToolChainLocation=
ProjectManager.UAScriptAfterPath=
ProjectManager.UAScriptBeforePath=
ProjectManager.UnderRoot=false
ProjectManager.functionlistsort=1-SystemClock_Config-RCC-false-HAL-false,2-MX_GPIO_Init-GPIO-false-HAL-true,3-MX_DMA_Init-DMA-false-HAL-true,4-MX_ADC1_Init-ADC1-false-HAL-true,5-MX_CORDIC_Init-CORDIC-false-HAL-true,6-MX_I2C3_Init-I2C3-false-HAL-true,7-MX_OPAMP1_Init-OPAMP1-false-HAL-true,8-MX_TIM1_Init-TIM1-false-HAL-true,9-MX_TIM4_Init-TIM4-false-HAL-true,10-MX_MotorControl_Init-MotorControl-false-HAL-false,11-MX_ADC2_Init-ADC2-false-HAL-true,12-MX_USART2_UART_Init-USART2-false-HAL-true,13-MX_USART3_UART_Init-USART3-false-HAL-true
ProjectManager.iocOrigin=MotorControl
RCC.ADC12CLockSelection=RCC_ADC12CLKSOURCE_PLL
RCC.ADC12Freq_Value=42500000
RCC.AHBFreq_Value=170000000
RCC.APB1Freq_Value=170000000
RCC.APB1TimFreq_Value=170000000
RCC.APB2Freq_Value=170000000
RCC.APB2TimFreq_Value=170000000
RCC.CK48CLockSelection=RCC_USBCLKSOURCE_PLL
RCC.CRSFreq_Value=48000000
RCC.CortexFreq_Value=170000000
RCC.EXTERNAL_CLOCK_VALUE=12288000
RCC.FCLKCortexFreq_Value=170000000
RCC.FDCANFreq_Value=170000000
RCC.FamilyName=M
RCC.HCLKFreq_Value=170000000
RCC.HSE_VALUE=8000000
RCC.HSI48_VALUE=48000000
RCC.HSI_VALUE=16000000
RCC.I2C1Freq_Value=170000000
RCC.I2C2Freq_Value=170000000
RCC.I2C3Freq_Value=170000000
RCC.I2SFreq_Value=170000000
RCC.IPParameters=ADC12CLockSelection,ADC12Freq_Value,AHBFreq_Value,APB1Freq_Value,APB1TimFreq_Value,APB2Freq_Value,APB2TimFreq_Value,CK48CLockSelection,CRSFreq_Value,CortexFreq_Value,EXTERNAL_CLOCK_VALUE,FCLKCortexFreq_Value,FDCANFreq_Value,FamilyName,HCLKFreq_Value,HSE_VALUE,HSI48_VALUE,HSI_VALUE,I2C1Freq_Value,I2C2Freq_Value,I2C3Freq_Value,I2SFreq_Value,LPTIM1Freq_Value,LPUART1Freq_Value,LSCOPinFreq_Value,LSE_VALUE,LSI_VALUE,MCO1PinFreq_Value,PLLM,PLLN,PLLP,PLLPoutputFreq_Value,PLLQoutputFreq_Value,PLLRCLKFreq_Value,PREFETCH_ENABLE,PWRFreq_Value,RNGFreq_Value,SAI1Freq_Value,SYSCLKFreq_VALUE,SYSCLKSource,UART4Freq_Value,USART1Freq_Value,USART2Freq_Value,USART3Freq_Value,USBFreq_Value,VCOInputFreq_Value,VCOOutputFreq_Value
RCC.LPTIM1Freq_Value=170000000
RCC.LPUART1Freq_Value=170000000
RCC.LSCOPinFreq_Value=32000
RCC.LSE_VALUE=32768
RCC.LSI_VALUE=32000
RCC.MCO1PinFreq_Value=16000000
RCC.PLLM=RCC_PLLM_DIV4
RCC.PLLN=85
RCC.PLLP=RCC_PLLP_DIV8
RCC.PLLPoutputFreq_Value=42500000
RCC.PLLQoutputFreq_Value=170000000
RCC.PLLRCLKFreq_Value=170000000
RCC.PREFETCH_ENABLE=1
RCC.PWRFreq_Value=170000000
RCC.RNGFreq_Value=170000000
RCC.SAI1Freq_Value=170000000
RCC.SYSCLKFreq_VALUE=170000000
RCC.SYSCLKSource=RCC_SYSCLKSOURCE_PLLCLK
RCC.UART4Freq_Value=170000000
RCC.USART1Freq_Value=170000000
RCC.USART2Freq_Value=170000000
RCC.USART3Freq_Value=170000000
RCC.USBFreq_Value=170000000
RCC.VCOInputFreq_Value=4000000
RCC.VCOOutputFreq_Value=340000000
SH.GPXTI2.0=GPIO_EXTI2
SH.GPXTI2.ConfNb=1
SH.S_TIM1_CH1.0=TIM1_CH1,PWM Generation1 CH1 CH1N
SH.S_TIM1_CH1.ConfNb=1
SH.S_TIM1_CH2.0=TIM1_CH2,PWM Generation2 CH2 CH2N
SH.S_TIM1_CH2.ConfNb=1
SH.S_TIM1_CH3.0=TIM1_CH3,PWM Generation3 CH3 CH3N
SH.S_TIM1_CH3.ConfNb=1
SH.S_TIM4_CH1.0=TIM4_CH1,Xored_Inputs_Hall_Sensor_Interface
SH.S_TIM4_CH1.ConfNb=1
SH.S_TIM4_CH2.0=TIM4_CH2,Xored_Inputs_Hall_Sensor_Interface
SH.S_TIM4_CH2.ConfNb=1
SH.S_TIM4_CH3.0=TIM4_CH3,Xored_Inputs_Hall_Sensor_Interface
SH.S_TIM4_CH3.ConfNb=1
TIM1.AutoReloadPreload=TIM_AUTORELOAD_PRELOAD_DISABLE
TIM1.AutomaticOutput=TIM_AUTOMATICOUTPUT_DISABLE
TIM1.Break2Filter=3
TIM1.Break2Polarity=TIM_BREAK2POLARITY_HIGH
TIM1.Break2State=TIM_BREAK2_DISABLE
TIM1.BreakFilter=0
TIM1.BreakPolarity=TIM_BREAKPOLARITY_HIGH
TIM1.BreakState=TIM_BREAK_DISABLE
TIM1.Channel=TIM_CHANNEL_6
TIM1.Channel-PWM\ Generation1\ CH1\ CH1N=TIM_CHANNEL_1
TIM1.Channel-PWM\ Generation2\ CH2\ CH2N=TIM_CHANNEL_2
TIM1.Channel-PWM\ Generation3\ CH3\ CH3N=TIM_CHANNEL_3
TIM1.Channel-PWM\ Generation4\ No\ Output=TIM_CHANNEL_4
TIM1.Channel-PWM\ Generation5\ No\ Output=TIM_CHANNEL_5
TIM1.Channel-PWM\ Generation6\ No\ Output=TIM_CHANNEL_6
TIM1.ClearInputSource=TIM_CLEARINPUTSOURCE_NONE
TIM1.ClockDivision=TIM_CLOCKDIVISION_DIV2
TIM1.CounterMode=TIM_COUNTERMODE_CENTERALIGNED2
TIM1.DeadTime=((DEAD_TIME_COUNTS) / 2)
TIM1.IPParameters=CounterMode,ClockDivision,AutoReloadPreload,TIM_SlaveMode,TIM_MasterSlaveMode,TIM_MasterOutputTrigger,TIM_MasterOutputTrigger2,BreakState,BreakPolarity,BreakFilter,SourceBRKDigInput,Break2State,Break2Polarity,Break2Filter,SourceBRK2DigInput,AutomaticOutput,OffStateRunMode,OffStateIDLEMode,LockLevel,ClearInputSource,OCFastMode_PWM,Channel-PWM Generation1 CH1 CH1N,OCMode_PWM-PWM Generation1 CH1 CH1N,OC1Preload_PWM,OCIdleState_1,OCPolarity_1,OCNPolarity_1,OCNIdleState_1,Channel-PWM Generation2 CH2 CH2N,OCMode_PWM-PWM Generation2 CH2 CH2N,OC2Preload_PWM,OCIdleState_2,OCPolarity_2,OCNPolarity_2,OCNIdleState_2,Channel-PWM Generation3 CH3 CH3N,OCMode_PWM-PWM Generation3 CH3 CH3N,OC3Preload_PWM,OCIdleState_3,OCPolarity_3,OCNPolarity_3,OCNIdleState_3,Channel-PWM Generation4 No Output,OCMode_PWM-PWM Generation4 No Output,OC4Preload_PWM,OCPolarity_4,OCIdleState_4,Channel-PWM Generation5 No Output,OCMode_PWM-PWM Generation5 No Output,OC5Preload_PWM,OCPolarity_5,OCIdleState_5,Channel-PWM Generation6 No Output,OCMode_PWM-PWM Generation6 No Output,OC6Preload_PWM,OCPolarity_6,OCIdleState_6,Channel,Prescaler,PeriodNoDither,RepetitionCounter,DeadTime,PulseNoDither_1,PulseNoDither_2,PulseNoDither_3,PulseNoDither_4,PulseNoDither_5,PulseNoDither_6
TIM1.IPParametersWithoutCheck=PulseNoDither_2,PulseNoDither_1,PulseNoDither_6,RepetitionCounter,DeadTime,PulseNoDither_5,PulseNoDither_4,Prescaler,PulseNoDither_3,PeriodNoDither
TIM1.LockLevel=TIM_LOCKLEVEL_OFF
TIM1.OC1Preload_PWM=ENABLE
TIM1.OC2Preload_PWM=ENABLE
TIM1.OC3Preload_PWM=ENABLE
TIM1.OC4Preload_PWM=ENABLE
TIM1.OC5Preload_PWM=ENABLE
TIM1.OC6Preload_PWM=ENABLE
TIM1.OCFastMode_PWM=TIM_OCFAST_DISABLE
TIM1.OCIdleState_1=TIM_OCIDLESTATE_RESET
TIM1.OCIdleState_2=TIM_OCIDLESTATE_RESET
TIM1.OCIdleState_3=TIM_OCIDLESTATE_RESET
TIM1.OCIdleState_4=TIM_OCIDLESTATE_RESET
TIM1.OCIdleState_5=TIM_OCIDLESTATE_RESET
TIM1.OCIdleState_6=TIM_OCIDLESTATE_RESET
TIM1.OCMode_PWM-PWM\ Generation1\ CH1\ CH1N=TIM_OCMODE_PWM1
TIM1.OCMode_PWM-PWM\ Generation2\ CH2\ CH2N=TIM_OCMODE_PWM1
TIM1.OCMode_PWM-PWM\ Generation3\ CH3\ CH3N=TIM_OCMODE_PWM1
TIM1.OCMode_PWM-PWM\ Generation4\ No\ Output=TIM_OCMODE_PWM2
TIM1.OCMode_PWM-PWM\ Generation5\ No\ Output=TIM_OCMODE_PWM2
TIM1.OCMode_PWM-PWM\ Generation6\ No\ Output=TIM_OCMODE_PWM2
TIM1.OCNIdleState_1=TIM_OCNIDLESTATE_RESET
TIM1.OCNIdleState_2=TIM_OCNIDLESTATE_RESET
TIM1.OCNIdleState_3=TIM_OCNIDLESTATE_RESET
TIM1.OCNPolarity_1=TIM_OCNPOLARITY_HIGH
TIM1.OCNPolarity_2=TIM_OCNPOLARITY_HIGH
TIM1.OCNPolarity_3=TIM_OCNPOLARITY_HIGH
TIM1.OCPolarity_1=TIM_OCPOLARITY_HIGH
TIM1.OCPolarity_2=TIM_OCPOLARITY_HIGH
TIM1.OCPolarity_3=TIM_OCPOLARITY_HIGH
TIM1.OCPolarity_4=TIM_OCPOLARITY_HIGH
TIM1.OCPolarity_5=TIM_OCPOLARITY_HIGH
TIM1.OCPolarity_6=TIM_OCPOLARITY_HIGH
TIM1.OffStateIDLEMode=TIM_OSSI_ENABLE
TIM1.OffStateRunMode=TIM_OSSR_ENABLE
TIM1.PeriodNoDither=((PWM_PERIOD_CYCLES) / 2)
TIM1.Prescaler=((TIM_CLOCK_DIVIDER) - 1)
TIM1.PulseNoDither_1=((PWM_PERIOD_CYCLES) / 4)
TIM1.PulseNoDither_2=((PWM_PERIOD_CYCLES) / 4)
TIM1.PulseNoDither_3=((PWM_PERIOD_CYCLES) / 4)
TIM1.PulseNoDither_4=(((PWM_PERIOD_CYCLES) / 2) - (HTMIN))
TIM1.PulseNoDither_5=(((PWM_PERIOD_CYCLES) / 2) + 1)
TIM1.PulseNoDither_6=(((PWM_PERIOD_CYCLES) / 2) + 1)
TIM1.RepetitionCounter=(REP_COUNTER)
TIM1.SourceBRK2DigInput=TIM_BREAKINPUTSOURCE_DISABLE
TIM1.SourceBRKDigInput=TIM_BREAKINPUTSOURCE_DISABLE
TIM1.TIM_MasterOutputTrigger=TIM_TRGO_RESET
TIM1.TIM_MasterOutputTrigger2=TIM_TRGO2_OC5REF_RISING_OC6REF_RISING
TIM1.TIM_MasterSlaveMode=TIM_MASTERSLAVEMODE_DISABLE
TIM1.TIM_SlaveMode=TIM_SLAVEMODE_TRIGGER
TIM4.IC1Filter=M1_HALL_IC_FILTER
TIM4.IPParameters=IC1Filter,PeriodNoDither
TIM4.IPParametersWithoutCheck=PeriodNoDither,IC1Filter
TIM4.PeriodNoDither=M1_HALL_TIM_PERIOD
USART2.IPParameters=VirtualMode-Asynchronous
USART2.VirtualMode-Asynchronous=VM_ASYNC
USART3.IPParameters=VirtualMode-Asynchronous
USART3.VirtualMode-Asynchronous=VM_ASYNC
VP_ADC1_OPAMP_INTERNAL1.Mode=IN-OPAMP1
VP_ADC1_OPAMP_INTERNAL1.Signal=ADC1_OPAMP_INTERNAL1
VP_CORDIC_VS_CORDIC.Mode=CORDIC_Activate
VP_CORDIC_VS_CORDIC.Signal=CORDIC_VS_CORDIC
VP_MotorControl_MC_ENABLED.Mode=Enabled
VP_MotorControl_MC_ENABLED.Signal=MotorControl_MC_ENABLED
VP_SYS_VS_DBSignals.Mode=DisableDeadBatterySignals
VP_SYS_VS_DBSignals.Signal=SYS_VS_DBSignals
VP_SYS_VS_Systick.Mode=SysTick
VP_SYS_VS_Systick.Signal=SYS_VS_Systick
VP_TIM1_VS_no_output4.Mode=PWM Generation4 No Output
VP_TIM1_VS_no_output4.Signal=TIM1_VS_no_output4
VP_TIM1_VS_no_output5.Mode=PWM Generation5 No Output
VP_TIM1_VS_no_output5.Signal=TIM1_VS_no_output5
VP_TIM1_VS_no_output6.Mode=PWM Generation6 No Output
VP_TIM1_VS_no_output6.Signal=TIM1_VS_no_output6
VP_TIM4_VS_ClockSourceINT.Mode=Internal
VP_TIM4_VS_ClockSourceINT.Signal=TIM4_VS_ClockSourceINT
board=custom
isbadioc=false
